
Microsoft Visual Studio Solution File, Format Version 12.00
# Visual Studio Version 16
VisualStudioVersion = 16.0.32602.291
MinimumVisualStudioVersion = 10.0.40219.1
Project("{FAE04EC0-301F-11D3-BF4B-00C04F79EFBC}") = "MenuStrip_FilmProgramı", "MenuStrip_FilmProgramı.csproj", "{A65D46B3-E66D-437E-A076-0BF16A8FF518}"
EndProject
Global
	GlobalSection(SolutionConfigurationPlatforms) = preSolution
		Debug|Any CPU = Debug|Any CPU
		Release|Any CPU = Release|Any CPU
	EndGlobalSection
	GlobalSection(ProjectConfigurationPlatforms) = postSolution
		{A65D46B3-E66D-437E-A076-0BF16A8FF518}.Debug|Any CPU.ActiveCfg = Debug|Any CPU
		{A65D46B3-E66D-437E-A076-0BF16A8FF518}.Debug|Any CPU.Build.0 = Debug|Any CPU
		{A65D46B3-E66D-437E-A076-0BF16A8FF518}.Release|Any CPU.ActiveCfg = Release|Any CPU
		{A65D46B3-E66D-437E-A076-0BF16A8FF518}.Release|Any CPU.Build.0 = Release|Any CPU
	EndGlobalSection
	GlobalSection(SolutionProperties) = preSolution
		HideSolutionNode = FALSE
	EndGlobalSection
	GlobalSection(ExtensibilityGlobals) = postSolution
		SolutionGuid = {9A660437-75A5-4183-976A-5537DDC59A97}
	EndGlobalSection
EndGlobal
